// !$*UTF8*$!
{
	archiveVersion = 1;
	classes = {
	};
	objectVersion = 55;
	objects = {

/* Begin PBXBuildFile section */
		839D56418B3576765129507F /* Pods_InstaFireBase.framework in Frameworks */ = {isa = PBXBuildFile; fileRef = D277D5B7769DEB20B50D4F30 /* Pods_InstaFireBase.framework */; };
		EE2709562720153E0051CA6B /* Extension.swift in Sources */ = {isa = PBXBuildFile; fileRef = EE2709552720153E0051CA6B /* Extension.swift */; };
		EE2BBE9F271F318B004D61DD /* AppDelegate.swift in Sources */ = {isa = PBXBuildFile; fileRef = EE2BBE9E271F318B004D61DD /* AppDelegate.swift */; };
		EE2BBEA1271F318B004D61DD /* SceneDelegate.swift in Sources */ = {isa = PBXBuildFile; fileRef = EE2BBEA0271F318B004D61DD /* SceneDelegate.swift */; };
		EE2BBEA3271F318B004D61DD /* SignUpController.swift in Sources */ = {isa = PBXBuildFile; fileRef = EE2BBEA2271F318B004D61DD /* SignUpController.swift */; };
		EE2BBEA6271F318B004D61DD /* Main.storyboard in Resources */ = {isa = PBXBuildFile; fileRef = EE2BBEA4271F318B004D61DD /* Main.storyboard */; };
		EE2BBEA8271F318D004D61DD /* Assets.xcassets in Resources */ = {isa = PBXBuildFile; fileRef = EE2BBEA7271F318D004D61DD /* Assets.xcassets */; };
		EE2BBEAB271F318D004D61DD /* LaunchScreen.storyboard in Resources */ = {isa = PBXBuildFile; fileRef = EE2BBEA9271F318D004D61DD /* LaunchScreen.storyboard */; };
		EE55BA382723E61700109530 /* TabBarController.swift in Sources */ = {isa = PBXBuildFile; fileRef = EE55BA372723E61700109530 /* TabBarController.swift */; };
		EE55BA3A2723E8FD00109530 /* UserProfileController.swift in Sources */ = {isa = PBXBuildFile; fileRef = EE55BA392723E8FD00109530 /* UserProfileController.swift */; };
		EE55BA3E27255D1F00109530 /* UserProfileHeader.swift in Sources */ = {isa = PBXBuildFile; fileRef = EE55BA3D27255D1F00109530 /* UserProfileHeader.swift */; };
		EE55BA402726AB4300109530 /* LoginController.swift in Sources */ = {isa = PBXBuildFile; fileRef = EE55BA3F2726AB4300109530 /* LoginController.swift */; };
		EE63BD312723126500745BF3 /* GoogleService-Info.plist in Resources */ = {isa = PBXBuildFile; fileRef = EE63BD302723126500745BF3 /* GoogleService-Info.plist */; };
		EE88D126272867B70000D09E /* PhotoSelectorController.swift in Sources */ = {isa = PBXBuildFile; fileRef = EE88D125272867B70000D09E /* PhotoSelectorController.swift */; };
		EE88D128272949CF0000D09E /* PhotoSelectorCell.swift in Sources */ = {isa = PBXBuildFile; fileRef = EE88D127272949CE0000D09E /* PhotoSelectorCell.swift */; };
		EE88D12B272955F50000D09E /* PhotoSelectorHeader.swift in Sources */ = {isa = PBXBuildFile; fileRef = EE88D12A272955F50000D09E /* PhotoSelectorHeader.swift */; };
		EE88D12D2729B1D10000D09E /* EditTextViewController.swift in Sources */ = {isa = PBXBuildFile; fileRef = EE88D12C2729B1D10000D09E /* EditTextViewController.swift */; };
		EE88D12F272AD41C0000D09E /* Post.swift in Sources */ = {isa = PBXBuildFile; fileRef = EE88D12E272AD41C0000D09E /* Post.swift */; };
		EE88D132272AD8DE0000D09E /* UserProfilePhotoCell.swift in Sources */ = {isa = PBXBuildFile; fileRef = EE88D131272AD8DE0000D09E /* UserProfilePhotoCell.swift */; };
		EE88D136272AF1130000D09E /* CustomImageView.swift in Sources */ = {isa = PBXBuildFile; fileRef = EE88D135272AF1130000D09E /* CustomImageView.swift */; };
		EE88D139272AFE4B0000D09E /* HomeController.swift in Sources */ = {isa = PBXBuildFile; fileRef = EE88D138272AFE4B0000D09E /* HomeController.swift */; };
		EE88D13B272B02880000D09E /* HomeControllerCell.swift in Sources */ = {isa = PBXBuildFile; fileRef = EE88D13A272B02880000D09E /* HomeControllerCell.swift */; };
		EE88D13D272C686E0000D09E /* User.swift in Sources */ = {isa = PBXBuildFile; fileRef = EE88D13C272C686E0000D09E /* User.swift */; };
		EEC78E4F27300F5200C197FD /* SearchViewController.swift in Sources */ = {isa = PBXBuildFile; fileRef = EEC78E4E27300F5200C197FD /* SearchViewController.swift */; };
		EEC78E51273019FF00C197FD /* SearchViewControllerCell.swift in Sources */ = {isa = PBXBuildFile; fileRef = EEC78E50273019FF00C197FD /* SearchViewControllerCell.swift */; };
		EEC78E532731931D00C197FD /* CameraController.swift in Sources */ = {isa = PBXBuildFile; fileRef = EEC78E522731931D00C197FD /* CameraController.swift */; };
		EEC78E552732EC9F00C197FD /* PreviewPhotoContainer.swift in Sources */ = {isa = PBXBuildFile; fileRef = EEC78E542732EC9F00C197FD /* PreviewPhotoContainer.swift */; };
/* End PBXBuildFile section */

/* Begin PBXFileReference section */
		2CB99AA01934908225967862 /* Pods-InstaFireBase.release.xcconfig */ = {isa = PBXFileReference; includeInIndex = 1; lastKnownFileType = text.xcconfig; name = "Pods-InstaFireBase.release.xcconfig"; path = "Target Support Files/Pods-InstaFireBase/Pods-InstaFireBase.release.xcconfig"; sourceTree = "<group>"; };
		8ABCDC26B670C2F4DB17074D /* Pods-InstaFireBase.debug.xcconfig */ = {isa = PBXFileReference; includeInIndex = 1; lastKnownFileType = text.xcconfig; name = "Pods-InstaFireBase.debug.xcconfig"; path = "Target Support Files/Pods-InstaFireBase/Pods-InstaFireBase.debug.xcconfig"; sourceTree = "<group>"; };
		D277D5B7769DEB20B50D4F30 /* Pods_InstaFireBase.framework */ = {isa = PBXFileReference; explicitFileType = wrapper.framework; includeInIndex = 0; path = Pods_InstaFireBase.framework; sourceTree = BUILT_PRODUCTS_DIR; };
		EE2709552720153E0051CA6B /* Extension.swift */ = {isa = PBXFileReference; lastKnownFileType = sourcecode.swift; path = Extension.swift; sourceTree = "<group>"; };
		EE2BBE9E271F318B004D61DD /* AppDelegate.swift */ = {isa = PBXFileReference; lastKnownFileType = sourcecode.swift; path = AppDelegate.swift; sourceTree = "<group>"; };
		EE2BBEA0271F318B004D61DD /* SceneDelegate.swift */ = {isa = PBXFileReference; lastKnownFileType = sourcecode.swift; path = SceneDelegate.swift; sourceTree = "<group>"; };
		EE2BBEA2271F318B004D61DD /* SignUpController.swift */ = {isa = PBXFileReference; lastKnownFileType = sourcecode.swift; path = SignUpController.swift; sourceTree = "<group>"; };
		EE2BBEA5271F318B004D61DD /* Base */ = {isa = PBXFileReference; lastKnownFileType = file.storyboard; name = Base; path = Base.lproj/Main.storyboard; sourceTree = "<group>"; };
		EE2BBEA7271F318D004D61DD /* Assets.xcassets */ = {isa = PBXFileReference; lastKnownFileType = folder.assetcatalog; path = Assets.xcassets; sourceTree = "<group>"; };
		EE2BBEAA271F318D004D61DD /* Base */ = {isa = PBXFileReference; lastKnownFileType = file.storyboard; name = Base; path = Base.lproj/LaunchScreen.storyboard; sourceTree = "<group>"; };
		EE2BBEAC271F318D004D61DD /* Info.plist */ = {isa = PBXFileReference; lastKnownFileType = text.plist.xml; path = Info.plist; sourceTree = "<group>"; };
		EE55BA372723E61700109530 /* TabBarController.swift */ = {isa = PBXFileReference; lastKnownFileType = sourcecode.swift; path = TabBarController.swift; sourceTree = "<group>"; };
		EE55BA392723E8FD00109530 /* UserProfileController.swift */ = {isa = PBXFileReference; lastKnownFileType = sourcecode.swift; path = UserProfileController.swift; sourceTree = "<group>"; };
		EE55BA3D27255D1F00109530 /* UserProfileHeader.swift */ = {isa = PBXFileReference; lastKnownFileType = sourcecode.swift; path = UserProfileHeader.swift; sourceTree = "<group>"; };
		EE55BA3F2726AB4300109530 /* LoginController.swift */ = {isa = PBXFileReference; lastKnownFileType = sourcecode.swift; path = LoginController.swift; sourceTree = "<group>"; };
		EE63BD2F272305E100745BF3 /* InstaFireBase.app */ = {isa = PBXFileReference; explicitFileType = wrapper.application; includeInIndex = 0; path = InstaFireBase.app; sourceTree = BUILT_PRODUCTS_DIR; };
		EE63BD302723126500745BF3 /* GoogleService-Info.plist */ = {isa = PBXFileReference; fileEncoding = 4; lastKnownFileType = text.plist.xml; path = "GoogleService-Info.plist"; sourceTree = "<group>"; };
		EE88D125272867B70000D09E /* PhotoSelectorController.swift */ = {isa = PBXFileReference; lastKnownFileType = sourcecode.swift; path = PhotoSelectorController.swift; sourceTree = "<group>"; };
		EE88D127272949CE0000D09E /* PhotoSelectorCell.swift */ = {isa = PBXFileReference; lastKnownFileType = sourcecode.swift; path = PhotoSelectorCell.swift; sourceTree = "<group>"; };
		EE88D12A272955F50000D09E /* PhotoSelectorHeader.swift */ = {isa = PBXFileReference; lastKnownFileType = sourcecode.swift; path = PhotoSelectorHeader.swift; sourceTree = "<group>"; };
		EE88D12C2729B1D10000D09E /* EditTextViewController.swift */ = {isa = PBXFileReference; lastKnownFileType = sourcecode.swift; path = EditTextViewController.swift; sourceTree = "<group>"; };
		EE88D12E272AD41C0000D09E /* Post.swift */ = {isa = PBXFileReference; lastKnownFileType = sourcecode.swift; path = Post.swift; sourceTree = "<group>"; };
		EE88D131272AD8DE0000D09E /* UserProfilePhotoCell.swift */ = {isa = PBXFileReference; lastKnownFileType = sourcecode.swift; path = UserProfilePhotoCell.swift; sourceTree = "<group>"; };
		EE88D135272AF1130000D09E /* CustomImageView.swift */ = {isa = PBXFileReference; lastKnownFileType = sourcecode.swift; path = CustomImageView.swift; sourceTree = "<group>"; };
		EE88D138272AFE4B0000D09E /* HomeController.swift */ = {isa = PBXFileReference; lastKnownFileType = sourcecode.swift; path = HomeController.swift; sourceTree = "<group>"; };
		EE88D13A272B02880000D09E /* HomeControllerCell.swift */ = {isa = PBXFileReference; lastKnownFileType = sourcecode.swift; path = HomeControllerCell.swift; sourceTree = "<group>"; };
		EE88D13C272C686E0000D09E /* User.swift */ = {isa = PBXFileReference; lastKnownFileType = sourcecode.swift; path = User.swift; sourceTree = "<group>"; };
		EEC78E4E27300F5200C197FD /* SearchViewController.swift */ = {isa = PBXFileReference; lastKnownFileType = sourcecode.swift; path = SearchViewController.swift; sourceTree = "<group>"; };
		EEC78E50273019FF00C197FD /* SearchViewControllerCell.swift */ = {isa = PBXFileReference; lastKnownFileType = sourcecode.swift; path = SearchViewControllerCell.swift; sourceTree = "<group>"; };
		EEC78E522731931D00C197FD /* CameraController.swift */ = {isa = PBXFileReference; lastKnownFileType = sourcecode.swift; path = CameraController.swift; sourceTree = "<group>"; };
		EEC78E542732EC9F00C197FD /* PreviewPhotoContainer.swift */ = {isa = PBXFileReference; lastKnownFileType = sourcecode.swift; path = PreviewPhotoContainer.swift; sourceTree = "<group>"; };
/* End PBXFileReference section */

/* Begin PBXFrameworksBuildPhase section */
		EE2BBE98271F318B004D61DD /* Frameworks */ = {
			isa = PBXFrameworksBuildPhase;
			buildActionMask = 2147483647;
			files = (
				839D56418B3576765129507F /* Pods_InstaFireBase.framework in Frameworks */,
			);
			runOnlyForDeploymentPostprocessing = 0;
		};
/* End PBXFrameworksBuildPhase section */

/* Begin PBXGroup section */
		8100A0A10A701782BB53F22C /* Pods */ = {
			isa = PBXGroup;
			children = (
				8ABCDC26B670C2F4DB17074D /* Pods-InstaFireBase.debug.xcconfig */,
				2CB99AA01934908225967862 /* Pods-InstaFireBase.release.xcconfig */,
			);
			path = Pods;
			sourceTree = "<group>";
		};
		D896627D5358A13204149F0F /* Frameworks */ = {
			isa = PBXGroup;
			children = (
				D277D5B7769DEB20B50D4F30 /* Pods_InstaFireBase.framework */,
			);
			name = Frameworks;
			sourceTree = "<group>";
		};
		EE270957272018EF0051CA6B /* Utils */ = {
			isa = PBXGroup;
			children = (
				EE2709552720153E0051CA6B /* Extension.swift */,
				EE88D135272AF1130000D09E /* CustomImageView.swift */,
			);
			path = Utils;
			sourceTree = "<group>";
		};
		EE2BBE92271F318B004D61DD = {
			isa = PBXGroup;
			children = (
				EE2BBE9D271F318B004D61DD /* InstaFireBase */,
				8100A0A10A701782BB53F22C /* Pods */,
				D896627D5358A13204149F0F /* Frameworks */,
				EE63BD2F272305E100745BF3 /* InstaFireBase.app */,
			);
			sourceTree = "<group>";
		};
		EE2BBE9D271F318B004D61DD /* InstaFireBase */ = {
			isa = PBXGroup;
			children = (
				EE2BBE9E271F318B004D61DD /* AppDelegate.swift */,
				EE2BBEA0271F318B004D61DD /* SceneDelegate.swift */,
				EEC78E522731931D00C197FD /* CameraController.swift */,
				EEC78E542732EC9F00C197FD /* PreviewPhotoContainer.swift */,
				EE55BA372723E61700109530 /* TabBarController.swift */,
				EE2BBEA2271F318B004D61DD /* SignUpController.swift */,
				EE55BA3F2726AB4300109530 /* LoginController.swift */,
				EE88D137272AFE3C0000D09E /* Home */,
				EEC78E4D27300E6900C197FD /* Search */,
				EE88D129272949E90000D09E /* NewPost */,
				EE55BA3C27255CF300109530 /* UserProfile */,
				EE88D130272AD4220000D09E /* Models */,
				EE270957272018EF0051CA6B /* Utils */,
				EE2BBEA4271F318B004D61DD /* Main.storyboard */,
				EE63BD302723126500745BF3 /* GoogleService-Info.plist */,
				EE2BBEA7271F318D004D61DD /* Assets.xcassets */,
				EE2BBEA9271F318D004D61DD /* LaunchScreen.storyboard */,
				EE2BBEAC271F318D004D61DD /* Info.plist */,
			);
			path = InstaFireBase;
			sourceTree = "<group>";
		};
		EE55BA3C27255CF300109530 /* UserProfile */ = {
			isa = PBXGroup;
			children = (
				EE55BA392723E8FD00109530 /* UserProfileController.swift */,
				EE88D131272AD8DE0000D09E /* UserProfilePhotoCell.swift */,
				EE55BA3D27255D1F00109530 /* UserProfileHeader.swift */,
			);
			path = UserProfile;
			sourceTree = "<group>";
		};
		EE88D129272949E90000D09E /* NewPost */ = {
			isa = PBXGroup;
			children = (
				EE88D125272867B70000D09E /* PhotoSelectorController.swift */,
				EE88D12C2729B1D10000D09E /* EditTextViewController.swift */,
				EE88D127272949CE0000D09E /* PhotoSelectorCell.swift */,
				EE88D12A272955F50000D09E /* PhotoSelectorHeader.swift */,
			);
			path = NewPost;
			sourceTree = "<group>";
		};
		EE88D130272AD4220000D09E /* Models */ = {
			isa = PBXGroup;
			children = (
				EE88D12E272AD41C0000D09E /* Post.swift */,
				EE88D13C272C686E0000D09E /* User.swift */,
			);
			path = Models;
			sourceTree = "<group>";
		};
		EE88D137272AFE3C0000D09E /* Home */ = {
			isa = PBXGroup;
			children = (
				EE88D138272AFE4B0000D09E /* HomeController.swift */,
				EE88D13A272B02880000D09E /* HomeControllerCell.swift */,
			);
			path = Home;
			sourceTree = "<group>";
		};
		EEC78E4D27300E6900C197FD /* Search */ = {
			isa = PBXGroup;
			children = (
				EEC78E4E27300F5200C197FD /* SearchViewController.swift */,
				EEC78E50273019FF00C197FD /* SearchViewControllerCell.swift */,
			);
			path = Search;
			sourceTree = "<group>";
		};
/* End PBXGroup section */

/* Begin PBXNativeTarget section */
		EE2BBE9A271F318B004D61DD /* InstaFireBase */ = {
			isa = PBXNativeTarget;
			buildConfigurationList = EE2BBEAF271F318D004D61DD /* Build configuration list for PBXNativeTarget "InstaFireBase" */;
			buildPhases = (
				5622F7B1DB17D480F504DC24 /* [CP] Check Pods Manifest.lock */,
				EE2BBE97271F318B004D61DD /* Sources */,
				EE2BBE98271F318B004D61DD /* Frameworks */,
				EE2BBE99271F318B004D61DD /* Resources */,
				F5FAAC287AADA9D16D8D62F6 /* [CP] Embed Pods Frameworks */,
			);
			buildRules = (
			);
			dependencies = (
			);
			name = InstaFireBase;
			productName = InstaFireBase;
			productReference = EE63BD2F272305E100745BF3 /* InstaFireBase.app */;
			productType = "com.apple.product-type.application";
		};
/* End PBXNativeTarget section */

/* Begin PBXProject section */
		EE2BBE93271F318B004D61DD /* Project object */ = {
			isa = PBXProject;
			attributes = {
				BuildIndependentTargetsInParallel = 1;
				LastSwiftUpdateCheck = 1300;
				LastUpgradeCheck = 1300;
				TargetAttributes = {
					EE2BBE9A271F318B004D61DD = {
						CreatedOnToolsVersion = 13.0;
					};
				};
			};
			buildConfigurationList = EE2BBE96271F318B004D61DD /* Build configuration list for PBXProject "InstaFireBase" */;
			compatibilityVersion = "Xcode 13.0";
			developmentRegion = en;
			hasScannedForEncodings = 0;
			knownRegions = (
				en,
				Base,
			);
			mainGroup = EE2BBE92271F318B004D61DD;
			productRefGroup = EE2BBE92271F318B004D61DD;
			projectDirPath = "";
			projectRoot = "";
			targets = (
				EE2BBE9A271F318B004D61DD /* InstaFireBase */,
			);
		};
/* End PBXProject section */

/* Begin PBXResourcesBuildPhase section */
		EE2BBE99271F318B004D61DD /* Resources */ = {
			isa = PBXResourcesBuildPhase;
			buildActionMask = 2147483647;
			files = (
				EE2BBEAB271F318D004D61DD /* LaunchScreen.storyboard in Resources */,
				EE63BD312723126500745BF3 /* GoogleService-Info.plist in Resources */,
				EE2BBEA8271F318D004D61DD /* Assets.xcassets in Resources */,
				EE2BBEA6271F318B004D61DD /* Main.storyboard in Resources */,
			);
			runOnlyForDeploymentPostprocessing = 0;
		};
/* End PBXResourcesBuildPhase section */

/* Begin PBXShellScriptBuildPhase section */
		5622F7B1DB17D480F504DC24 /* [CP] Check Pods Manifest.lock */ = {
			isa = PBXShellScriptBuildPhase;
			buildActionMask = 2147483647;
			files = (
			);
			inputFileListPaths = (
			);
			inputPaths = (
				"${PODS_PODFILE_DIR_PATH}/Podfile.lock",
				"${PODS_ROOT}/Manifest.lock",
			);
			name = "[CP] Check Pods Manifest.lock";
			outputFileListPaths = (
			);
			outputPaths = (
				"$(DERIVED_FILE_DIR)/Pods-InstaFireBase-checkManifestLockResult.txt",
			);
			runOnlyForDeploymentPostprocessing = 0;
			shellPath = /bin/sh;
			shellScript = "diff \"${PODS_PODFILE_DIR_PATH}/Podfile.lock\" \"${PODS_ROOT}/Manifest.lock\" > /dev/null\nif [ $? != 0 ] ; then\n    # print error to STDERR\n    echo \"error: The sandbox is not in sync with the Podfile.lock. Run 'pod install' or update your CocoaPods installation.\" >&2\n    exit 1\nfi\n# This output is used by Xcode 'outputs' to avoid re-running this script phase.\necho \"SUCCESS\" > \"${SCRIPT_OUTPUT_FILE_0}\"\n";
			showEnvVarsInLog = 0;
		};
		F5FAAC287AADA9D16D8D62F6 /* [CP] Embed Pods Frameworks */ = {
			isa = PBXShellScriptBuildPhase;
			buildActionMask = 2147483647;
			files = (
			);
			inputFileListPaths = (
				"${PODS_ROOT}/Target Support Files/Pods-InstaFireBase/Pods-InstaFireBase-frameworks-${CONFIGURATION}-input-files.xcfilelist",
			);
			name = "[CP] Embed Pods Frameworks";
			outputFileListPaths = (
				"${PODS_ROOT}/Target Support Files/Pods-InstaFireBase/Pods-InstaFireBase-frameworks-${CONFIGURATION}-output-files.xcfilelist",
			);
			runOnlyForDeploymentPostprocessing = 0;
			shellPath = /bin/sh;
			shellScript = "\"${PODS_ROOT}/Target Support Files/Pods-InstaFireBase/Pods-InstaFireBase-frameworks.sh\"\n";
			showEnvVarsInLog = 0;
		};
/* End PBXShellScriptBuildPhase section */

/* Begin PBXSourcesBuildPhase section */
		EE2BBE97271F318B004D61DD /* Sources */ = {
			isa = PBXSourcesBuildPhase;
			buildActionMask = 2147483647;
			files = (
				EE2BBEA3271F318B004D61DD /* SignUpController.swift in Sources */,
				EE88D12D2729B1D10000D09E /* EditTextViewController.swift in Sources */,
				EEC78E51273019FF00C197FD /* SearchViewControllerCell.swift in Sources */,
				EEC78E552732EC9F00C197FD /* PreviewPhotoContainer.swift in Sources */,
				EE55BA3E27255D1F00109530 /* UserProfileHeader.swift in Sources */,
				EE2BBE9F271F318B004D61DD /* AppDelegate.swift in Sources */,
				EEC78E4F27300F5200C197FD /* SearchViewController.swift in Sources */,
				EE88D136272AF1130000D09E /* CustomImageView.swift in Sources */,
				EE88D12F272AD41C0000D09E /* Post.swift in Sources */,
				EE88D126272867B70000D09E /* PhotoSelectorController.swift in Sources */,
				EEC78E532731931D00C197FD /* CameraController.swift in Sources */,
				EE55BA3A2723E8FD00109530 /* UserProfileController.swift in Sources */,
				EE2BBEA1271F318B004D61DD /* SceneDelegate.swift in Sources */,
				EE88D12B272955F50000D09E /* PhotoSelectorHeader.swift in Sources */,
				EE55BA402726AB4300109530 /* LoginController.swift in Sources */,
				EE88D13B272B02880000D09E /* HomeControllerCell.swift in Sources */,
				EE55BA382723E61700109530 /* TabBarController.swift in Sources */,
				EE88D139272AFE4B0000D09E /* HomeController.swift in Sources */,
				EE88D13D272C686E0000D09E /* User.swift in Sources */,
				EE88D132272AD8DE0000D09E /* UserProfilePhotoCell.swift in Sources */,
				EE2709562720153E0051CA6B /* Extension.swift in Sources */,
				EE88D128272949CF0000D09E /* PhotoSelectorCell.swift in Sources */,
			);
			runOnlyForDeploymentPostprocessing = 0;
		};
/* End PBXSourcesBuildPhase section */

/* Begin PBXVariantGroup section */
		EE2BBEA4271F318B004D61DD /* Main.storyboard */ = {
			isa = PBXVariantGroup;
			children = (
				EE2BBEA5271F318B004D61DD /* Base */,
			);
			name = Main.storyboard;
			sourceTree = "<group>";
		};
		EE2BBEA9271F318D004D61DD /* LaunchScreen.storyboard */ = {
			isa = PBXVariantGroup;
			children = (
				EE2BBEAA271F318D004D61DD /* Base */,
			);
			name = LaunchScreen.storyboard;
			sourceTree = "<group>";
		};
/* End PBXVariantGroup section */

/* Begin XCBuildConfiguration section */
		EE2BBEAD271F318D004D61DD /* Debug */ = {
			isa = XCBuildConfiguration;
			buildSettings = {
				ALWAYS_SEARCH_USER_PATHS = NO;
				CLANG_ANALYZER_NONNULL = YES;
				CLANG_ANALYZER_NUMBER_OBJECT_CONVERSION = YES_AGGRESSIVE;
				CLANG_CXX_LANGUAGE_STANDARD = "gnu++17";
				CLANG_CXX_LIBRARY = "libc++";
				CLANG_ENABLE_MODULES = YES;
				CLANG_ENABLE_OBJC_ARC = YES;
				CLANG_ENABLE_OBJC_WEAK = YES;
				CLANG_WARN_BLOCK_CAPTURE_AUTORELEASING = YES;
				CLANG_WARN_BOOL_CONVERSION = YES;
				CLANG_WARN_COMMA = YES;
				CLANG_WARN_CONSTANT_CONVERSION = YES;
				CLANG_WARN_DEPRECATED_OBJC_IMPLEMENTATIONS = YES;
				CLANG_WARN_DIRECT_OBJC_ISA_USAGE = YES_ERROR;
				CLANG_WARN_DOCUMENTATION_COMMENTS = YES;
				CLANG_WARN_EMPTY_BODY = YES;
				CLANG_WARN_ENUM_CONVERSION = YES;
				CLANG_WARN_INFINITE_RECURSION = YES;
				CLANG_WARN_INT_CONVERSION = YES;
				CLANG_WARN_NON_LITERAL_NULL_CONVERSION = YES;
				CLANG_WARN_OBJC_IMPLICIT_RETAIN_SELF = YES;
				CLANG_WARN_OBJC_LITERAL_CONVERSION = YES;
				CLANG_WARN_OBJC_ROOT_CLASS = YES_ERROR;
				CLANG_WARN_QUOTED_INCLUDE_IN_FRAMEWORK_HEADER = YES;
				CLANG_WARN_RANGE_LOOP_ANALYSIS = YES;
				CLANG_WARN_STRICT_PROTOTYPES = YES;
				CLANG_WARN_SUSPICIOUS_MOVE = YES;
				CLANG_WARN_UNGUARDED_AVAILABILITY = YES_AGGRESSIVE;
				CLANG_WARN_UNREACHABLE_CODE = YES;
				CLANG_WARN__DUPLICATE_METHOD_MATCH = YES;
				COPY_PHASE_STRIP = NO;
				DEBUG_INFORMATION_FORMAT = dwarf;
				ENABLE_STRICT_OBJC_MSGSEND = YES;
				ENABLE_TESTABILITY = YES;
				GCC_C_LANGUAGE_STANDARD = gnu11;
				GCC_DYNAMIC_NO_PIC = NO;
				GCC_NO_COMMON_BLOCKS = YES;
				GCC_OPTIMIZATION_LEVEL = 0;
				GCC_PREPROCESSOR_DEFINITIONS = (
					"DEBUG=1",
					"$(inherited)",
				);
				GCC_WARN_64_TO_32_BIT_CONVERSION = YES;
				GCC_WARN_ABOUT_RETURN_TYPE = YES_ERROR;
				GCC_WARN_UNDECLARED_SELECTOR = YES;
				GCC_WARN_UNINITIALIZED_AUTOS = YES_AGGRESSIVE;
				GCC_WARN_UNUSED_FUNCTION = YES;
				GCC_WARN_UNUSED_VARIABLE = YES;
				IPHONEOS_DEPLOYMENT_TARGET = 15.0;
				MTL_ENABLE_DEBUG_INFO = INCLUDE_SOURCE;
				MTL_FAST_MATH = YES;
				ONLY_ACTIVE_ARCH = YES;
				SDKROOT = iphoneos;
				SWIFT_ACTIVE_COMPILATION_CONDITIONS = DEBUG;
				SWIFT_OPTIMIZATION_LEVEL = "-Onone";
			};
			name = Debug;
		};
		EE2BBEAE271F318D004D61DD /* Release */ = {
			isa = XCBuildConfiguration;
			buildSettings = {
				ALWAYS_SEARCH_USER_PATHS = NO;
				CLANG_ANALYZER_NONNULL = YES;
				CLANG_ANALYZER_NUMBER_OBJECT_CONVERSION = YES_AGGRESSIVE;
				CLANG_CXX_LANGUAGE_STANDARD = "gnu++17";
				CLANG_CXX_LIBRARY = "libc++";
				CLANG_ENABLE_MODULES = YES;
				CLANG_ENABLE_OBJC_ARC = YES;
				CLANG_ENABLE_OBJC_WEAK = YES;
				CLANG_WARN_BLOCK_CAPTURE_AUTORELEASING = YES;
				CLANG_WARN_BOOL_CONVERSION = YES;
				CLANG_WARN_COMMA = YES;
				CLANG_WARN_CONSTANT_CONVERSION = YES;
				CLANG_WARN_DEPRECATED_OBJC_IMPLEMENTATIONS = YES;
				CLANG_WARN_DIRECT_OBJC_ISA_USAGE = YES_ERROR;
				CLANG_WARN_DOCUMENTATION_COMMENTS = YES;
				CLANG_WARN_EMPTY_BODY = YES;
				CLANG_WARN_ENUM_CONVERSION = YES;
				CLANG_WARN_INFINITE_RECURSION = YES;
				CLANG_WARN_INT_CONVERSION = YES;
				CLANG_WARN_NON_LITERAL_NULL_CONVERSION = YES;
				CLANG_WARN_OBJC_IMPLICIT_RETAIN_SELF = YES;
				CLANG_WARN_OBJC_LITERAL_CONVERSION = YES;
				CLANG_WARN_OBJC_ROOT_CLASS = YES_ERROR;
				CLANG_WARN_QUOTED_INCLUDE_IN_FRAMEWORK_HEADER = YES;
				CLANG_WARN_RANGE_LOOP_ANALYSIS = YES;
				CLANG_WARN_STRICT_PROTOTYPES = YES;
				CLANG_WARN_SUSPICIOUS_MOVE = YES;
				CLANG_WARN_UNGUARDED_AVAILABILITY = YES_AGGRESSIVE;
				CLANG_WARN_UNREACHABLE_CODE = YES;
				CLANG_WARN__DUPLICATE_METHOD_MATCH = YES;
				COPY_PHASE_STRIP = NO;
				DEBUG_INFORMATION_FORMAT = "dwarf-with-dsym";
				ENABLE_NS_ASSERTIONS = NO;
				ENABLE_STRICT_OBJC_MSGSEND = YES;
				GCC_C_LANGUAGE_STANDARD = gnu11;
				GCC_NO_COMMON_BLOCKS = YES;
				GCC_WARN_64_TO_32_BIT_CONVERSION = YES;
				GCC_WARN_ABOUT_RETURN_TYPE = YES_ERROR;
				GCC_WARN_UNDECLARED_SELECTOR = YES;
				GCC_WARN_UNINITIALIZED_AUTOS = YES_AGGRESSIVE;
				GCC_WARN_UNUSED_FUNCTION = YES;
				GCC_WARN_UNUSED_VARIABLE = YES;
				IPHONEOS_DEPLOYMENT_TARGET = 15.0;
				MTL_ENABLE_DEBUG_INFO = NO;
				MTL_FAST_MATH = YES;
				SDKROOT = iphoneos;
				SWIFT_COMPILATION_MODE = wholemodule;
				SWIFT_OPTIMIZATION_LEVEL = "-O";
				VALIDATE_PRODUCT = YES;
			};
			name = Release;
		};
		EE2BBEB0271F318D004D61DD /* Debug */ = {
			isa = XCBuildConfiguration;
			baseConfigurationReference = 8ABCDC26B670C2F4DB17074D /* Pods-InstaFireBase.debug.xcconfig */;
			buildSettings = {
				ASSETCATALOG_COMPILER_APPICON_NAME = AppIcon;
				ASSETCATALOG_COMPILER_GLOBAL_ACCENT_COLOR_NAME = AccentColor;
				CODE_SIGN_STYLE = Automatic;
				CURRENT_PROJECT_VERSION = 1;
				DEVELOPMENT_TEAM = 9C3YYD2ZUU;
				GENERATE_INFOPLIST_FILE = YES;
				INFOPLIST_FILE = InstaFireBase/Info.plist;
				INFOPLIST_KEY_UIApplicationSupportsIndirectInputEvents = YES;
				INFOPLIST_KEY_UILaunchStoryboardName = LaunchScreen;
				INFOPLIST_KEY_UIMainStoryboardFile = Main;
				INFOPLIST_KEY_UISupportedInterfaceOrientations_iPad = "UIInterfaceOrientationPortrait UIInterfaceOrientationPortraitUpsideDown UIInterfaceOrientationLandscapeLeft UIInterfaceOrientationLandscapeRight";
				INFOPLIST_KEY_UISupportedInterfaceOrientations_iPhone = "UIInterfaceOrientationPortrait UIInterfaceOrientationLandscapeLeft UIInterfaceOrientationLandscapeRight";
				LD_RUNPATH_SEARCH_PATHS = (
					"$(inherited)",
					"@executable_path/Frameworks",
				);
				MARKETING_VERSION = 1.0;
				PRODUCT_BUNDLE_IDENTIFIER = ZhingelStas.InstaFireBase;
				PRODUCT_NAME = "$(TARGET_NAME)";
				SWIFT_EMIT_LOC_STRINGS = YES;
				SWIFT_VERSION = 5.0;
				TARGETED_DEVICE_FAMILY = "1,2";
			};
			name = Debug;
		};
		EE2BBEB1271F318D004D61DD /* Release */ = {
			isa = XCBuildConfiguration;
			baseConfigurationReference = 2CB99AA01934908225967862 /* Pods-InstaFireBase.release.xcconfig */;
			buildSettings = {
				ASSETCATALOG_COMPILER_APPICON_NAME = AppIcon;
				ASSETCATALOG_COMPILER_GLOBAL_ACCENT_COLOR_NAME = AccentColor;
				CODE_SIGN_STYLE = Automatic;
				CURRENT_PROJECT_VERSION = 1;
				DEVELOPMENT_TEAM = 9C3YYD2ZUU;
				GENERATE_INFOPLIST_FILE = YES;
				INFOPLIST_FILE = InstaFireBase/Info.plist;
				INFOPLIST_KEY_UIApplicationSupportsIndirectInputEvents = YES;
				INFOPLIST_KEY_UILaunchStoryboardName = LaunchScreen;
				INFOPLIST_KEY_UIMainStoryboardFile = Main;
				INFOPLIST_KEY_UISupportedInterfaceOrientations_iPad = "UIInterfaceOrientationPortrait UIInterfaceOrientationPortraitUpsideDown UIInterfaceOrientationLandscapeLeft UIInterfaceOrientationLandscapeRight";
				INFOPLIST_KEY_UISupportedInterfaceOrientations_iPhone = "UIInterfaceOrientationPortrait UIInterfaceOrientationLandscapeLeft UIInterfaceOrientationLandscapeRight";
				LD_RUNPATH_SEARCH_PATHS = (
					"$(inherited)",
					"@executable_path/Frameworks",
				);
				MARKETING_VERSION = 1.0;
				PRODUCT_BUNDLE_IDENTIFIER = ZhingelStas.InstaFireBase;
				PRODUCT_NAME = "$(TARGET_NAME)";
				SWIFT_EMIT_LOC_STRINGS = YES;
				SWIFT_VERSION = 5.0;
				TARGETED_DEVICE_FAMILY = "1,2";
			};
			name = Release;
		};
/* End XCBuildConfiguration section */

/* Begin XCConfigurationList section */
		EE2BBE96271F318B004D61DD /* Build configuration list for PBXProject "InstaFireBase" */ = {
			isa = XCConfigurationList;
			buildConfigurations = (
				EE2BBEAD271F318D004D61DD /* Debug */,
				EE2BBEAE271F318D004D61DD /* Release */,
			);
			defaultConfigurationIsVisible = 0;
			defaultConfigurationName = Release;
		};
		EE2BBEAF271F318D004D61DD /* Build configuration list for PBXNativeTarget "InstaFireBase" */ = {
			isa = XCConfigurationList;
			buildConfigurations = (
				EE2BBEB0271F318D004D61DD /* Debug */,
				EE2BBEB1271F318D004D61DD /* Release */,
			);
			defaultConfigurationIsVisible = 0;
			defaultConfigurationName = Release;
		};
/* End XCConfigurationList section */
	};
	rootObject = EE2BBE93271F318B004D61DD /* Project object */;
}
